
Microsoft Visual Studio Solution File, Format Version 12.00
# Visual Studio 2013
VisualStudioVersion = 12.0.30501.0
MinimumVisualStudioVersion = 10.0.40219.1
Project("{FAE04EC0-301F-11D3-BF4B-00C04F79EFBC}") = "Web", "Web\Web.csproj", "{CE600D10-03A2-4132-8812-FF85D485AC20}"
EndProject
Project("{2150E333-8FDC-42A3-9474-1A3956D46DE8}") = "DAL", "DAL", "{99547365-892C-40C7-BA45-619410855C4C}"
EndProject
Project("{2150E333-8FDC-42A3-9474-1A3956D46DE8}") = "BLL", "BLL", "{AF6ED4E7-6BD2-48B6-A028-FAEF86097877}"
EndProject
Project("{2150E333-8FDC-42A3-9474-1A3956D46DE8}") = "MODEL", "MODEL", "{A1D1C0E6-2682-4DF0-982E-FAB93F551F99}"
EndProject
Project("{2150E333-8FDC-42A3-9474-1A3956D46DE8}") = "COMMON", "COMMON", "{9D2E71D4-E0D5-4261-AF98-4ACC8CA39801}"
EndProject
Project("{FAE04EC0-301F-11D3-BF4B-00C04F79EFBC}") = "Manage.Model", "Manage.Model\Manage.Model.csproj", "{E95CC805-0D26-4279-9CF4-1C3F428AA696}"
EndProject
Project("{FAE04EC0-301F-11D3-BF4B-00C04F79EFBC}") = "Manage.IDAL", "IDAL\Manage.IDAL.csproj", "{3948C5E2-0E3F-4F71-AC12-50D63E9A45FF}"
EndProject
Project("{FAE04EC0-301F-11D3-BF4B-00C04F79EFBC}") = "Manage.DAL", "Manage.DAL\Manage.DAL.csproj", "{844318ED-3CCE-4C14-AC00-3899E2729E75}"
EndProject
Project("{FAE04EC0-301F-11D3-BF4B-00C04F79EFBC}") = "Manage.IBLL", "Manage.IBLL\Manage.IBLL.csproj", "{59182ABB-BBBA-4A4D-A681-BDF6FDE489AE}"
EndProject
Project("{FAE04EC0-301F-11D3-BF4B-00C04F79EFBC}") = "Manage.BLL", "Manage.BLL\Manage.BLL.csproj", "{FBE5AEF1-016F-498F-94BC-63D7103060F5}"
EndProject
Project("{FAE04EC0-301F-11D3-BF4B-00C04F79EFBC}") = "Manage.DALContainer", "Manage.Container\Manage.DALContainer.csproj", "{C841100E-3490-4B6F-B102-988BA274BD18}"
EndProject
Project("{FAE04EC0-301F-11D3-BF4B-00C04F79EFBC}") = "Manage.BLLContainer", "Manage.BLLContainer\Manage.BLLContainer.csproj", "{638A1982-B644-4637-B5D7-F5568A22969F}"
EndProject
Project("{FAE04EC0-301F-11D3-BF4B-00C04F79EFBC}") = "Manage.Common", "Manage.Common\Manage.Common.csproj", "{1405A55B-0867-4704-B14F-38C8F49284AC}"
EndProject
Global
	GlobalSection(SolutionConfigurationPlatforms) = preSolution
		Debug|Any CPU = Debug|Any CPU
		Release|Any CPU = Release|Any CPU
	EndGlobalSection
	GlobalSection(ProjectConfigurationPlatforms) = postSolution
		{CE600D10-03A2-4132-8812-FF85D485AC20}.Debug|Any CPU.ActiveCfg = Debug|Any CPU
		{CE600D10-03A2-4132-8812-FF85D485AC20}.Debug|Any CPU.Build.0 = Debug|Any CPU
		{CE600D10-03A2-4132-8812-FF85D485AC20}.Release|Any CPU.ActiveCfg = Release|Any CPU
		{CE600D10-03A2-4132-8812-FF85D485AC20}.Release|Any CPU.Build.0 = Release|Any CPU
		{E95CC805-0D26-4279-9CF4-1C3F428AA696}.Debug|Any CPU.ActiveCfg = Debug|Any CPU
		{E95CC805-0D26-4279-9CF4-1C3F428AA696}.Debug|Any CPU.Build.0 = Debug|Any CPU
		{E95CC805-0D26-4279-9CF4-1C3F428AA696}.Release|Any CPU.ActiveCfg = Release|Any CPU
		{E95CC805-0D26-4279-9CF4-1C3F428AA696}.Release|Any CPU.Build.0 = Release|Any CPU
		{3948C5E2-0E3F-4F71-AC12-50D63E9A45FF}.Debug|Any CPU.ActiveCfg = Debug|Any CPU
		{3948C5E2-0E3F-4F71-AC12-50D63E9A45FF}.Debug|Any CPU.Build.0 = Debug|Any CPU
		{3948C5E2-0E3F-4F71-AC12-50D63E9A45FF}.Release|Any CPU.ActiveCfg = Release|Any CPU
		{3948C5E2-0E3F-4F71-AC12-50D63E9A45FF}.Release|Any CPU.Build.0 = Release|Any CPU
		{844318ED-3CCE-4C14-AC00-3899E2729E75}.Debug|Any CPU.ActiveCfg = Debug|Any CPU
		{844318ED-3CCE-4C14-AC00-3899E2729E75}.Debug|Any CPU.Build.0 = Debug|Any CPU
		{844318ED-3CCE-4C14-AC00-3899E2729E75}.Release|Any CPU.ActiveCfg = Release|Any CPU
		{844318ED-3CCE-4C14-AC00-3899E2729E75}.Release|Any CPU.Build.0 = Release|Any CPU
		{59182ABB-BBBA-4A4D-A681-BDF6FDE489AE}.Debug|Any CPU.ActiveCfg = Debug|Any CPU
		{59182ABB-BBBA-4A4D-A681-BDF6FDE489AE}.Debug|Any CPU.Build.0 = Debug|Any CPU
		{59182ABB-BBBA-4A4D-A681-BDF6FDE489AE}.Release|Any CPU.ActiveCfg = Release|Any CPU
		{59182ABB-BBBA-4A4D-A681-BDF6FDE489AE}.Release|Any CPU.Build.0 = Release|Any CPU
		{FBE5AEF1-016F-498F-94BC-63D7103060F5}.Debug|Any CPU.ActiveCfg = Debug|Any CPU
		{FBE5AEF1-016F-498F-94BC-63D7103060F5}.Debug|Any CPU.Build.0 = Debug|Any CPU
		{FBE5AEF1-016F-498F-94BC-63D7103060F5}.Release|Any CPU.ActiveCfg = Release|Any CPU
		{FBE5AEF1-016F-498F-94BC-63D7103060F5}.Release|Any CPU.Build.0 = Release|Any CPU
		{C841100E-3490-4B6F-B102-988BA274BD18}.Debug|Any CPU.ActiveCfg = Debug|Any CPU
		{C841100E-3490-4B6F-B102-988BA274BD18}.Debug|Any CPU.Build.0 = Debug|Any CPU
		{C841100E-3490-4B6F-B102-988BA274BD18}.Release|Any CPU.ActiveCfg = Release|Any CPU
		{C841100E-3490-4B6F-B102-988BA274BD18}.Release|Any CPU.Build.0 = Release|Any CPU
		{638A1982-B644-4637-B5D7-F5568A22969F}.Debug|Any CPU.ActiveCfg = Debug|Any CPU
		{638A1982-B644-4637-B5D7-F5568A22969F}.Debug|Any CPU.Build.0 = Debug|Any CPU
		{638A1982-B644-4637-B5D7-F5568A22969F}.Release|Any CPU.ActiveCfg = Release|Any CPU
		{638A1982-B644-4637-B5D7-F5568A22969F}.Release|Any CPU.Build.0 = Release|Any CPU
		{1405A55B-0867-4704-B14F-38C8F49284AC}.Debug|Any CPU.ActiveCfg = Debug|Any CPU
		{1405A55B-0867-4704-B14F-38C8F49284AC}.Debug|Any CPU.Build.0 = Debug|Any CPU
		{1405A55B-0867-4704-B14F-38C8F49284AC}.Release|Any CPU.ActiveCfg = Release|Any CPU
		{1405A55B-0867-4704-B14F-38C8F49284AC}.Release|Any CPU.Build.0 = Release|Any CPU
	EndGlobalSection
	GlobalSection(SolutionProperties) = preSolution
		HideSolutionNode = FALSE
	EndGlobalSection
	GlobalSection(NestedProjects) = preSolution
		{E95CC805-0D26-4279-9CF4-1C3F428AA696} = {A1D1C0E6-2682-4DF0-982E-FAB93F551F99}
		{3948C5E2-0E3F-4F71-AC12-50D63E9A45FF} = {99547365-892C-40C7-BA45-619410855C4C}
		{844318ED-3CCE-4C14-AC00-3899E2729E75} = {99547365-892C-40C7-BA45-619410855C4C}
		{59182ABB-BBBA-4A4D-A681-BDF6FDE489AE} = {AF6ED4E7-6BD2-48B6-A028-FAEF86097877}
		{FBE5AEF1-016F-498F-94BC-63D7103060F5} = {AF6ED4E7-6BD2-48B6-A028-FAEF86097877}
		{C841100E-3490-4B6F-B102-988BA274BD18} = {99547365-892C-40C7-BA45-619410855C4C}
		{638A1982-B644-4637-B5D7-F5568A22969F} = {AF6ED4E7-6BD2-48B6-A028-FAEF86097877}
		{1405A55B-0867-4704-B14F-38C8F49284AC} = {9D2E71D4-E0D5-4261-AF98-4ACC8CA39801}
	EndGlobalSection
EndGlobal
